PODS:
  - Alamofire (5.0.0-rc.2)
  - BetterSegmentedControl (1.3.0)
  - Charts (3.3.0):
    - Charts/Core (= 3.3.0)
  - Charts/Core (3.3.0)
  - Crashlytics (3.13.4):
    - Fabric (~> 1.10.2)
  - Fabric (1.10.2)
  - Firebase/Core (6.7.0):
    - Firebase/CoreOnly
    - FirebaseAnalytics (= 6.1.1)
  - Firebase/CoreOnly (6.7.0):
    - FirebaseCore (= 6.2.1)
  - FirebaseAnalytics (6.1.1):
    - FirebaseCore (~> 6.2)
    - FirebaseInstanceID (~> 4.2)
    - GoogleAppMeasurement (= 6.1.1)
    - GoogleUtilities/AppDelegateSwizzler (~> 6.0)
    - GoogleUtilities/MethodSwizzler (~> 6.0)
    - GoogleUtilities/Network (~> 6.0)
    - "GoogleUtilities/NSData+zlib (~> 6.0)"
    - nanopb (~> 0.3)
  - FirebaseCore (6.2.1):
    - FirebaseCoreDiagnostics (~> 1.0)
    - FirebaseCoreDiagnosticsInterop (~> 1.0)
    - GoogleUtilities/Environment (~> 6.2)
    - GoogleUtilities/Logger (~> 6.2)
  - FirebaseCoreDiagnostics (1.0.1):
    - FirebaseCoreDiagnosticsInterop (~> 1.0)
    - GoogleDataTransportCCTSupport (~> 1.0)
    - GoogleUtilities/Environment (~> 6.2)
    - GoogleUtilities/Logger (~> 6.2)
  - FirebaseCoreDiagnosticsInterop (1.0.0)
  - FirebaseInstanceID (4.2.3):
    - FirebaseCore (~> 6.0)
    - GoogleUtilities/Environment (~> 6.0)
    - GoogleUtilities/UserDefaults (~> 6.0)
  - GoogleAppMeasurement (6.1.1):
    - GoogleUtilities/AppDelegateSwizzler (~> 6.0)
    - GoogleUtilities/MethodSwizzler (~> 6.0)
    - GoogleUtilities/Network (~> 6.0)
    - "GoogleUtilities/NSData+zlib (~> 6.0)"
    - nanopb (~> 0.3)
  - GoogleDataTransport (1.1.3)
  - GoogleDataTransportCCTSupport (1.0.2):
    - GoogleDataTransport (~> 1.1)
    - nanopb
  - GoogleUtilities/AppDelegateSwizzler (6.2.5):
    - GoogleUtilities/Environment
    - GoogleUtilities/Logger
    - GoogleUtilities/Network
  - GoogleUtilities/Environment (6.2.5)
  - GoogleUtilities/Logger (6.2.5):
    - GoogleUtilities/Environment
  - GoogleUtilities/MethodSwizzler (6.2.5):
    - GoogleUtilities/Logger
  - GoogleUtilities/Network (6.2.5):
    - GoogleUtilities/Logger
    - "GoogleUtilities/NSData+zlib"
    - GoogleUtilities/Reachability
  - "GoogleUtilities/NSData+zlib (6.2.5)"
  - GoogleUtilities/Reachability (6.2.5):
    - GoogleUtilities/Logger
  - GoogleUtilities/UserDefaults (6.2.5):
    - GoogleUtilities/Logger
  - KeychainAccess (3.2.0)
  - lottie-ios (3.1.2)
  - Magpie (2.0.0):
    - Magpie/Package (= 2.0.0)
  - Magpie/Package (2.0.0):
    - Alamofire (~> 5.0.0-rc.2)
  - MarqueeLabel (4.0.0)
  - nanopb (0.3.901):
    - nanopb/decode (= 0.3.901)
    - nanopb/encode (= 0.3.901)
  - nanopb/decode (0.3.901)
  - nanopb/encode (0.3.901)
  - NotificationBannerSwift (2.5.1):
    - MarqueeLabel (~> 4.0.0)
    - SnapKit (~> 5.0.0)
  - SnapKit (5.0.1)
  - SVProgressHUD (2.2.5)
  - SwiftDate (6.0.3)
  - SwiftLint (0.35.0)

DEPENDENCIES:
  - BetterSegmentedControl (~> 1.3)
  - Charts
  - Crashlytics
  - Fabric
  - Firebase/Core
  - KeychainAccess
  - lottie-ios
  - Magpie (from `https://github.com/Hipo/magpie.git`)
  - NotificationBannerSwift
  - SnapKit
  - SVProgressHUD
  - SwiftDate
  - SwiftLint

SPEC REPOS:
  trunk:
    - Alamofire
    - BetterSegmentedControl
    - Charts
    - Crashlytics
    - Fabric
    - Firebase
    - FirebaseAnalytics
    - FirebaseCore
    - FirebaseCoreDiagnostics
    - FirebaseCoreDiagnosticsInterop
    - FirebaseInstanceID
    - GoogleAppMeasurement
    - GoogleDataTransport
    - GoogleDataTransportCCTSupport
    - GoogleUtilities
    - KeychainAccess
    - lottie-ios
    - MarqueeLabel
    - nanopb
    - NotificationBannerSwift
    - SnapKit
    - SVProgressHUD
    - SwiftDate
    - SwiftLint

EXTERNAL SOURCES:
  Magpie:
    :git: https://github.com/Hipo/magpie.git

CHECKOUT OPTIONS:
  Magpie:
    :commit: 9dcb778c98b173b8ece932dc535115b96d7e30eb
    :git: https://github.com/Hipo/magpie.git

SPEC CHECKSUMS:
  Alamofire: f9450d3c7f6bea2ad62e7a541c3e9b186c7991d6
  BetterSegmentedControl: 85d1b0343a09603b098884d527f550dfc8e6cdd9
  Charts: e0dd4cd8f257bccf98407b58183ddca8e8d5b578
  Crashlytics: 2dfd686bcb918dc10ee0e76f7f853fe42c7bd552
  Fabric: 706c8b8098fff96c33c0db69cbf81f9c551d0d74
  Firebase: 291d7b0a7b393f252358083b5d224884126fa46d
  FirebaseAnalytics: 843c7f64a8f9c79f0d03281197ebe7bb1d58d477
  FirebaseCore: 32b48f41c84a56fbde73b35ed01a830b3b6dc048
  FirebaseCoreDiagnostics: 4c04ae09d0ab027c30179828c6bb47764df1bd13
  FirebaseCoreDiagnosticsInterop: 6829da2b8d1fc795ff1bd99df751d3788035d2cb
  FirebaseInstanceID: 8b42755db950682e7de0d167bc6fb26a57b244af
  GoogleAppMeasurement: 86a82f0e1f20b8eedf8e20326530138fd71409de
  GoogleDataTransport: 91e682bd60a49d3f8f69f2e909a66efaed5a1e7a
  GoogleDataTransportCCTSupport: 6b545f7149111180763dc18c6f372c963de4a310
  GoogleUtilities: e7dc37039b19df7fe543479d3e4a02ac8d11bb69
  KeychainAccess: 3b1bf8a77eb4c6ea1ce9404c292e48f948954c6b
  lottie-ios: 49cd85b1f24f61a7708ad7ec76a523ab2d0e3100
  Magpie: 431d36955e9aaf15e179f82c17e700a6d53a195f
  MarqueeLabel: b55b26e690b6ad41faedd95cbf5eae6f1d1735b4
  nanopb: 2901f78ea1b7b4015c860c2fdd1ea2fee1a18d48
  NotificationBannerSwift: e55dd801b0d78f1a7bacb10d722a935ec95f94a3
  SnapKit: 97b92857e3df3a0c71833cce143274bf6ef8e5eb
  SVProgressHUD: 1428aafac632c1f86f62aa4243ec12008d7a51d6
  SwiftDate: 8d4f14bf1ef68e95094511504856547bf9e3e1a6
  SwiftLint: 5553187048b900c91aa03552807681bb6b027846

PODFILE CHECKSUM: eb6c6911434dcb8b6be2b74739926116e86c394c

COCOAPODS: 1.9.0
